// !$*UTF8*$!
{
	archiveVersion = 1;
	classes = {
	};
	objectVersion = 46;
	objects = {

/* Begin PBXBuildFile section */
		BE06B8661C4D21A500557FA7 /* shot-struck1.mp3 in Resources */ = {isa = PBXBuildFile; fileRef = BE06B8651C4D21A400557FA7 /* shot-struck1.mp3 */; };
		BE06B8681C4D21BF00557FA7 /* bomb1.mp3 in Resources */ = {isa = PBXBuildFile; fileRef = BE06B8671C4D21BF00557FA7 /* bomb1.mp3 */; };
		BE794A1A1C48C240008E3E84 /* main.m in Sources */ = {isa = PBXBuildFile; fileRef = BE794A191C48C240008E3E84 /* main.m */; };
		BE794A1D1C48C240008E3E84 /* AppDelegate.m in Sources */ = {isa = PBXBuildFile; fileRef = BE794A1C1C48C240008E3E84 /* AppDelegate.m */; };
		BE794A201C48C240008E3E84 /* ViewController.m in Sources */ = {isa = PBXBuildFile; fileRef = BE794A1F1C48C240008E3E84 /* ViewController.m */; };
		BE794A231C48C240008E3E84 /* Main.storyboard in Resources */ = {isa = PBXBuildFile; fileRef = BE794A211C48C240008E3E84 /* Main.storyboard */; };
		BE794A251C48C240008E3E84 /* Assets.xcassets in Resources */ = {isa = PBXBuildFile; fileRef = BE794A241C48C240008E3E84 /* Assets.xcassets */; };
		BE794A281C48C240008E3E84 /* LaunchScreen.storyboard in Resources */ = {isa = PBXBuildFile; fileRef = BE794A261C48C240008E3E84 /* LaunchScreen.storyboard */; };
/* End PBXBuildFile section */

/* Begin PBXFileReference section */
		BE06B8651C4D21A400557FA7 /* shot-struck1.mp3 */ = {isa = PBXFileReference; lastKnownFileType = audio.mp3; path = "shot-struck1.mp3"; sourceTree = "<group>"; };
		BE06B8671C4D21BF00557FA7 /* bomb1.mp3 */ = {isa = PBXFileReference; lastKnownFileType = audio.mp3; path = bomb1.mp3; sourceTree = "<group>"; };
		BE794A151C48C240008E3E84 /* QuizApp05.app */ = {isa = PBXFileReference; explicitFileType = wrapper.application; includeInIndex = 0; path = QuizApp05.app; sourceTree = BUILT_PRODUCTS_DIR; };
		BE794A191C48C240008E3E84 /* main.m */ = {isa = PBXFileReference; lastKnownFileType = sourcecode.c.objc; path = main.m; sourceTree = "<group>"; };
		BE794A1B1C48C240008E3E84 /* AppDelegate.h */ = {isa = PBXFileReference; lastKnownFileType = sourcecode.c.h; path = AppDelegate.h; sourceTree = "<group>"; };
		BE794A1C1C48C240008E3E84 /* AppDelegate.m */ = {isa = PBXFileReference; lastKnownFileType = sourcecode.c.objc; path = AppDelegate.m; sourceTree = "<group>"; };
		BE794A1E1C48C240008E3E84 /* ViewController.h */ = {isa = PBXFileReference; lastKnownFileType = sourcecode.c.h; path = ViewController.h; sourceTree = "<group>"; };
		BE794A1F1C48C240008E3E84 /* ViewController.m */ = {isa = PBXFileReference; lastKnownFileType = sourcecode.c.objc; path = ViewController.m; sourceTree = "<group>"; };
		BE794A221C48C240008E3E84 /* Base */ = {isa = PBXFileReference; lastKnownFileType = file.storyboard; name = Base; path = Base.lproj/Main.storyboard; sourceTree = "<group>"; };
		BE794A241C48C240008E3E84 /* Assets.xcassets */ = {isa = PBXFileReference; lastKnownFileType = folder.assetcatalog; path = Assets.xcassets; sourceTree = "<group>"; };
		BE794A271C48C240008E3E84 /* Base */ = {isa = PBXFileReference; lastKnownFileType = file.storyboard; name = Base; path = Base.lproj/LaunchScreen.storyboard; sourceTree = "<group>"; };
		BE794A291C48C240008E3E84 /* Info.plist */ = {isa = PBXFileReference; lastKnownFileType = text.plist.xml; path = Info.plist; sourceTree = "<group>"; };
/* End PBXFileReference section */

/* Begin PBXFrameworksBuildPhase section */
		BE794A121C48C240008E3E84 /* Frameworks */ = {
			isa = PBXFrameworksBuildPhase;
			buildActionMask = 2147483647;
			files = (
			);
			runOnlyForDeploymentPostprocessing = 0;
		};
/* End PBXFrameworksBuildPhase section */

/* Begin PBXGroup section */
		BE794A0C1C48C23F008E3E84 = {
			isa = PBXGroup;
			children = (
				BE794A171C48C240008E3E84 /* QuizApp05 */,
				BE794A161C48C240008E3E84 /* Products */,
			);
			sourceTree = "<group>";
		};
		BE794A161C48C240008E3E84 /* Products */ = {
			isa = PBXGroup;
			children = (
				BE794A151C48C240008E3E84 /* QuizApp05.app */,
			);
			name = Products;
			sourceTree = "<group>";
		};
		BE794A171C48C240008E3E84 /* QuizApp05 */ = {
			isa = PBXGroup;
			children = (
				BE794A1B1C48C240008E3E84 /* AppDelegate.h */,
				BE794A1C1C48C240008E3E84 /* AppDelegate.m */,
				BE794A1E1C48C240008E3E84 /* ViewController.h */,
				BE794A1F1C48C240008E3E84 /* ViewController.m */,
				BE794A211C48C240008E3E84 /* Main.storyboard */,
				BE794A241C48C240008E3E84 /* Assets.xcassets */,
				BE06B8671C4D21BF00557FA7 /* bomb1.mp3 */,
				BE06B8651C4D21A400557FA7 /* shot-struck1.mp3 */,
				BE794A261C48C240008E3E84 /* LaunchScreen.storyboard */,
				BE794A291C48C240008E3E84 /* Info.plist */,
				BE794A181C48C240008E3E84 /* Supporting Files */,
			);
			path = QuizApp05;
			sourceTree = "<group>";
		};
		BE794A181C48C240008E3E84 /* Supporting Files */ = {
			isa = PBXGroup;
			children = (
				BE794A191C48C240008E3E84 /* main.m */,
			);
			name = "Supporting Files";
			sourceTree = "<group>";
		};
/* End PBXGroup section */

/* Begin PBXNativeTarget section */
		BE794A141C48C240008E3E84 /* QuizApp05 */ = {
			isa = PBXNativeTarget;
			buildConfigurationList = BE794A2C1C48C240008E3E84 /* Build configuration list for PBXNativeTarget "QuizApp05" */;
			buildPhases = (
				BE794A111C48C240008E3E84 /* Sources */,
				BE794A121C48C240008E3E84 /* Frameworks */,
				BE794A131C48C240008E3E84 /* Resources */,
			);
			buildRules = (
			);
			dependencies = (
			);
			name = QuizApp05;
			productName = QuizApp05;
			productReference = BE794A151C48C240008E3E84 /* QuizApp05.app */;
			productType = "com.apple.product-type.application";
		};
/* End PBXNativeTarget section */

/* Begin PBXProject section */
		BE794A0D1C48C23F008E3E84 /* Project object */ = {
			isa = PBXProject;
			attributes = {
				LastUpgradeCheck = 0720;
				ORGANIZATIONNAME = chikatokitamuro;
				TargetAttributes = {
					BE794A141C48C240008E3E84 = {
						CreatedOnToolsVersion = 7.2;
						DevelopmentTeam = PGUGBCPD95;
					};
				};
			};
			buildConfigurationList = BE794A101C48C23F008E3E84 /* Build configuration list for PBXProject "QuizApp05" */;
			compatibilityVersion = "Xcode 3.2";
			developmentRegion = English;
			hasScannedForEncodings = 0;
			knownRegions = (
				en,
				Base,
			);
			mainGroup = BE794A0C1C48C23F008E3E84;
			productRefGroup = BE794A161C48C240008E3E84 /* Products */;
			projectDirPath = "";
			projectRoot = "";
			targets = (
				BE794A141C48C240008E3E84 /* QuizApp05 */,
			);
		};
/* End PBXProject section */

/* Begin PBXResourcesBuildPhase section */
		BE794A131C48C240008E3E84 /* Resources */ = {
			isa = PBXResourcesBuildPhase;
			buildActionMask = 2147483647;
			files = (
				BE06B8681C4D21BF00557FA7 /* bomb1.mp3 in Resources */,
				BE794A281C48C240008E3E84 /* LaunchScreen.storyboard in Resources */,
				BE794A251C48C240008E3E84 /* Assets.xcassets in Resources */,
				BE06B8661C4D21A500557FA7 /* shot-struck1.mp3 in Resources */,
				BE794A231C48C240008E3E84 /* Main.storyboard in Resources */,
			);
			runOnlyForDeploymentPostprocessing = 0;
		};
/* End PBXResourcesBuildPhase section */

/* Begin PBXSourcesBuildPhase section */
		BE794A111C48C240008E3E84 /* Sources */ = {
			isa = PBXSourcesBuildPhase;
			buildActionMask = 2147483647;
			files = (
				BE794A201C48C240008E3E84 /* ViewController.m in Sources */,
				BE794A1D1C48C240008E3E84 /* AppDelegate.m in Sources */,
				BE794A1A1C48C240008E3E84 /* main.m in Sources */,
			);
			runOnlyForDeploymentPostprocessing = 0;
		};
/* End PBXSourcesBuildPhase section */

/* Begin PBXVariantGroup section */
		BE794A211C48C240008E3E84 /* Main.storyboard */ = {
			isa = PBXVariantGroup;
			children = (
				BE794A221C48C240008E3E84 /* Base */,
			);
			name = Main.storyboard;
			sourceTree = "<group>";
		};
		BE794A261C48C240008E3E84 /* LaunchScreen.storyboard */ = {
			isa = PBXVariantGroup;
			children = (
				BE794A271C48C240008E3E84 /* Base */,
			);
			name = LaunchScreen.storyboard;
			sourceTree = "<group>";
		};
/* End PBXVariantGroup section */

/* Begin XCBuildConfiguration section */
		BE794A2A1C48C240008E3E84 /* Debug */ = {
			isa = XCBuildConfiguration;
			buildSettings = {
				ALWAYS_SEARCH_USER_PATHS = NO;
				CLANG_CXX_LANGUAGE_STANDARD = "gnu++0x";
				CLANG_CXX_LIBRARY = "libc++";
				CLANG_ENABLE_MODULES = YES;
				CLANG_ENABLE_OBJC_ARC = YES;
				CLANG_WARN_BOOL_CONVERSION = YES;
				CLANG_WARN_CONSTANT_CONVERSION = YES;
				CLANG_WARN_DIRECT_OBJC_ISA_USAGE = YES_ERROR;
				CLANG_WARN_EMPTY_BODY = YES;
				CLANG_WARN_ENUM_CONVERSION = YES;
				CLANG_WARN_INT_CONVERSION = YES;
				CLANG_WARN_OBJC_ROOT_CLASS = YES_ERROR;
				CLANG_WARN_UNREACHABLE_CODE = YES;
				CLANG_WARN__DUPLICATE_METHOD_MATCH = YES;
				"CODE_SIGN_IDENTITY[sdk=iphoneos*]" = "iPhone Developer";
				COPY_PHASE_STRIP = NO;
				DEBUG_INFORMATION_FORMAT = dwarf;
				ENABLE_STRICT_OBJC_MSGSEND = YES;
				ENABLE_TESTABILITY = YES;
				GCC_C_LANGUAGE_STANDARD = gnu99;
				GCC_DYNAMIC_NO_PIC = NO;
				GCC_NO_COMMON_BLOCKS = YES;
				GCC_OPTIMIZATION_LEVEL = 0;
				GCC_PREPROCESSOR_DEFINITIONS = (
					"DEBUG=1",
					"$(inherited)",
				);
				GCC_WARN_64_TO_32_BIT_CONVERSION = YES;
				GCC_WARN_ABOUT_RETURN_TYPE = YES_ERROR;
				GCC_WARN_UNDECLARED_SELECTOR = YES;
				GCC_WARN_UNINITIALIZED_AUTOS = YES_AGGRESSIVE;
				GCC_WARN_UNUSED_FUNCTION = YES;
				GCC_WARN_UNUSED_VARIABLE = YES;
				IPHONEOS_DEPLOYMENT_TARGET = 9.2;
				MTL_ENABLE_DEBUG_INFO = YES;
				ONLY_ACTIVE_ARCH = YES;
				SDKROOT = iphoneos;
			};
			name = Debug;
		};
		BE794A2B1C48C240008E3E84 /* Release */ = {
			isa = XCBuildConfiguration;
			buildSettings = {
				ALWAYS_SEARCH_USER_PATHS = NO;
				CLANG_CXX_LANGUAGE_STANDARD = "gnu++0x";
				CLANG_CXX_LIBRARY = "libc++";
				CLANG_ENABLE_MODULES = YES;
				CLANG_ENABLE_OBJC_ARC = YES;
				CLANG_WARN_BOOL_CONVERSION = YES;
				CLANG_WARN_CONSTANT_CONVERSION = YES;
				CLANG_WARN_DIRECT_OBJC_ISA_USAGE = YES_ERROR;
				CLANG_WARN_EMPTY_BODY = YES;
				CLANG_WARN_ENUM_CONVERSION = YES;
				CLANG_WARN_INT_CONVERSION = YES;
				CLANG_WARN_OBJC_ROOT_CLASS = YES_ERROR;
				CLANG_WARN_UNREACHABLE_CODE = YES;
				CLANG_WARN__DUPLICATE_METHOD_MATCH = YES;
				"CODE_SIGN_IDENTITY[sdk=iphoneos*]" = "iPhone Developer";
				COPY_PHASE_STRIP = NO;
				DEBUG_INFORMATION_FORMAT = "dwarf-with-dsym";
				ENABLE_NS_ASSERTIONS = NO;
				ENABLE_STRICT_OBJC_MSGSEND = YES;
				GCC_C_LANGUAGE_STANDARD = gnu99;
				GCC_NO_COMMON_BLOCKS = YES;
				GCC_WARN_64_TO_32_BIT_CONVERSION = YES;
				GCC_WARN_ABOUT_RETURN_TYPE = YES_ERROR;
				GCC_WARN_UNDECLARED_SELECTOR = YES;
				GCC_WARN_UNINITIALIZED_AUTOS = YES_AGGRESSIVE;
				GCC_WARN_UNUSED_FUNCTION = YES;
				GCC_WARN_UNUSED_VARIABLE = YES;
				IPHONEOS_DEPLOYMENT_TARGET = 9.2;
				MTL_ENABLE_DEBUG_INFO = NO;
				SDKROOT = iphoneos;
				VALIDATE_PRODUCT = YES;
			};
			name = Release;
		};
		BE794A2D1C48C240008E3E84 /* Debug */ = {
			isa = XCBuildConfiguration;
			buildSettings = {
				ASSETCATALOG_COMPILER_APPICON_NAME = AppIcon;
				INFOPLIST_FILE = QuizApp05/Info.plist;
				LD_RUNPATH_SEARCH_PATHS = "$(inherited) @executable_path/Frameworks";
				PRODUCT_BUNDLE_IDENTIFIER = jp.techacademy.QuizApp05;
				PRODUCT_NAME = "$(TARGET_NAME)";
			};
			name = Debug;
		};
		BE794A2E1C48C240008E3E84 /* Release */ = {
			isa = XCBuildConfiguration;
			buildSettings = {
				ASSETCATALOG_COMPILER_APPICON_NAME = AppIcon;
				INFOPLIST_FILE = QuizApp05/Info.plist;
				LD_RUNPATH_SEARCH_PATHS = "$(inherited) @executable_path/Frameworks";
				PRODUCT_BUNDLE_IDENTIFIER = jp.techacademy.QuizApp05;
				PRODUCT_NAME = "$(TARGET_NAME)";
			};
			name = Release;
		};
/* End XCBuildConfiguration section */

/* Begin XCConfigurationList section */
		BE794A101C48C23F008E3E84 /* Build configuration list for PBXProject "QuizApp05" */ = {
			isa = XCConfigurationList;
			buildConfigurations = (
				BE794A2A1C48C240008E3E84 /* Debug */,
				BE794A2B1C48C240008E3E84 /* Release */,
			);
			defaultConfigurationIsVisible = 0;
			defaultConfigurationName = Release;
		};
		BE794A2C1C48C240008E3E84 /* Build configuration list for PBXNativeTarget "QuizApp05" */ = {
			isa = XCConfigurationList;
			buildConfigurations = (
				BE794A2D1C48C240008E3E84 /* Debug */,
				BE794A2E1C48C240008E3E84 /* Release */,
			);
			defaultConfigurationIsVisible = 0;
			defaultConfigurationName = Release;
		};
/* End XCConfigurationList section */
	};
	rootObject = BE794A0D1C48C23F008E3E84 /* Project object */;
}
